<?xml version="1.0" encoding="utf-8"?>
<Project ToolsVersion="4.0" xmlns="http://schemas.microsoft.com/developer/msbuild/2003">
  <ItemGroup>
    <Filter Include="源文件">
      <UniqueIdentifier>{4FC737F1-C7A5-4376-A066-2A32D752A2FF}</UniqueIdentifier>
      <Extensions>cpp;c;cc;cxx;c++;cppm;ixx;def;odl;idl;hpj;bat;asm;asmx</Extensions>
    </Filter>
    <Filter Include="资源文件">
      <UniqueIdentifier>{67DA6AB6-F800-4c08-8B7A-83BB121AAD01}</UniqueIdentifier>
      <Extensions>rc;ico;cur;bmp;dlg;rc2;rct;bin;rgs;gif;jpg;jpeg;jpe;resx;tiff;tif;png;wav;mfcribbon-ms</Extensions>
    </Filter>
    <Filter Include="sylar">
      <UniqueIdentifier>{3d2413d6-7615-4f81-bb98-e50f2f73581f}</UniqueIdentifier>
    </Filter>
    <Filter Include="sylar\rock">
      <UniqueIdentifier>{630e6070-8ae4-46ac-b846-3cc08c370578}</UniqueIdentifier>
    </Filter>
    <Filter Include="sylar\stream">
      <UniqueIdentifier>{08893fb2-666d-415e-96b3-ed42cd75a3e4}</UniqueIdentifier>
    </Filter>
    <Filter Include="sylar\proto">
      <UniqueIdentifier>{876c2ea8-ae7c-4a59-a0e7-d739252949b6}</UniqueIdentifier>
    </Filter>
  </ItemGroup>
  <ItemGroup>
    <ClInclude Include="sylar\util.h">
      <Filter>sylar</Filter>
    </ClInclude>
    <ClInclude Include="sylar\log.h">
      <Filter>sylar</Filter>
    </ClInclude>
    <ClInclude Include="sylar\singleton.h">
      <Filter>sylar</Filter>
    </ClInclude>
    <ClInclude Include="sylar\thread.h">
      <Filter>sylar</Filter>
    </ClInclude>
    <ClInclude Include="sylar\noncopyable.h">
      <Filter>sylar</Filter>
    </ClInclude>
    <ClInclude Include="sylar\mutex.h">
      <Filter>sylar</Filter>
    </ClInclude>
    <ClInclude Include="sylar\config.h">
      <Filter>sylar</Filter>
    </ClInclude>
    <ClInclude Include="sylar\macro.h">
      <Filter>sylar</Filter>
    </ClInclude>
    <ClInclude Include="sylar\env.h">
      <Filter>sylar</Filter>
    </ClInclude>
    <ClInclude Include="sylar\fiber.h">
      <Filter>sylar</Filter>
    </ClInclude>
    <ClInclude Include="sylar\hook.h">
      <Filter>sylar</Filter>
    </ClInclude>
    <ClInclude Include="sylar\scheduler.h">
      <Filter>sylar</Filter>
    </ClInclude>
    <ClInclude Include="sylar\address.h">
      <Filter>sylar</Filter>
    </ClInclude>
    <ClInclude Include="sylar\bytearray.h">
      <Filter>sylar</Filter>
    </ClInclude>
    <ClInclude Include="sylar\timer.h">
      <Filter>sylar</Filter>
    </ClInclude>
    <ClInclude Include="sylar\endia.h">
      <Filter>sylar</Filter>
    </ClInclude>
    <ClInclude Include="sylar\fd_manager.h">
      <Filter>sylar</Filter>
    </ClInclude>
    <ClInclude Include="sylar\iomanager.h">
      <Filter>sylar</Filter>
    </ClInclude>
    <ClInclude Include="sylar\socket.h">
      <Filter>sylar</Filter>
    </ClInclude>
    <ClInclude Include="sylar\stream.h">
      <Filter>sylar</Filter>
    </ClInclude>
    <ClInclude Include="sylar\tcp_server.h">
      <Filter>sylar</Filter>
    </ClInclude>
    <ClInclude Include="sylar\stream\zlib_stream.h">
      <Filter>sylar\stream</Filter>
    </ClInclude>
    <ClInclude Include="sylar\stream\socket_stream.h">
      <Filter>sylar\stream</Filter>
    </ClInclude>
    <ClInclude Include="sylar\stream\async_socket_stream.h">
      <Filter>sylar\stream</Filter>
    </ClInclude>
    <ClInclude Include="sylar\protocol.h">
      <Filter>sylar</Filter>
    </ClInclude>
    <ClInclude Include="sylar\rock\rock_stream.h">
      <Filter>sylar\rock</Filter>
    </ClInclude>
    <ClInclude Include="sylar\rock\rock_protocol.h">
      <Filter>sylar\rock</Filter>
    </ClInclude>
    <ClInclude Include="sylar\module.h">
      <Filter>sylar</Filter>
    </ClInclude>
    <ClInclude Include="sylar\library.h">
      <Filter>sylar</Filter>
    </ClInclude>
    <ClInclude Include="sylar\rock\rock_server.h">
      <Filter>sylar\rock</Filter>
    </ClInclude>
  </ItemGroup>
  <ItemGroup>
    <ClCompile Include="sylar\main.cpp">
      <Filter>源文件</Filter>
    </ClCompile>
    <ClCompile Include="sylar\util.cpp">
      <Filter>sylar</Filter>
    </ClCompile>
    <ClCompile Include="sylar\config.cpp">
      <Filter>sylar</Filter>
    </ClCompile>
    <ClCompile Include="sylar\log.cpp">
      <Filter>sylar</Filter>
    </ClCompile>
    <ClCompile Include="sylar\mutex.cpp">
      <Filter>sylar</Filter>
    </ClCompile>
    <ClCompile Include="sylar\thread.cpp">
      <Filter>sylar</Filter>
    </ClCompile>
    <ClCompile Include="sylar\env.cpp">
      <Filter>sylar</Filter>
    </ClCompile>
    <ClCompile Include="sylar\fiber.cpp">
      <Filter>sylar</Filter>
    </ClCompile>
    <ClCompile Include="sylar\scheduler.cpp">
      <Filter>sylar</Filter>
    </ClCompile>
    <ClCompile Include="sylar\hook.cpp">
      <Filter>sylar</Filter>
    </ClCompile>
    <ClCompile Include="sylar\iomanager.cpp">
      <Filter>sylar</Filter>
    </ClCompile>
    <ClCompile Include="sylar\address.cpp">
      <Filter>sylar</Filter>
    </ClCompile>
    <ClCompile Include="sylar\bytearray.cpp">
      <Filter>sylar</Filter>
    </ClCompile>
    <ClCompile Include="sylar\fd_manager.cpp">
      <Filter>sylar</Filter>
    </ClCompile>
    <ClCompile Include="sylar\timer.cpp">
      <Filter>sylar</Filter>
    </ClCompile>
    <ClCompile Include="sylar\socket.cpp">
      <Filter>sylar</Filter>
    </ClCompile>
    <ClCompile Include="sylar\stream.cpp">
      <Filter>sylar</Filter>
    </ClCompile>
    <ClCompile Include="sylar\tcp_server.cpp">
      <Filter>sylar</Filter>
    </ClCompile>
    <ClCompile Include="sylar\stream\zlib_stream.cpp">
      <Filter>sylar\stream</Filter>
    </ClCompile>
    <ClCompile Include="sylar\stream\socket_stream.cpp">
      <Filter>sylar\stream</Filter>
    </ClCompile>
    <ClCompile Include="sylar\stream\async_socket_stream.cpp">
      <Filter>sylar\stream</Filter>
    </ClCompile>
    <ClCompile Include="sylar\protocol.cpp">
      <Filter>sylar</Filter>
    </ClCompile>
    <ClCompile Include="sylar\rock\rock_stream.cpp">
      <Filter>sylar\rock</Filter>
    </ClCompile>
    <ClCompile Include="sylar\rock\rock_protocol.cpp">
      <Filter>sylar\rock</Filter>
    </ClCompile>
    <ClCompile Include="sylar\module.cpp">
      <Filter>sylar</Filter>
    </ClCompile>
    <ClCompile Include="sylar\library.cpp">
      <Filter>sylar</Filter>
    </ClCompile>
    <ClCompile Include="sylar\rock\rock_server.cpp">
      <Filter>sylar\rock</Filter>
    </ClCompile>
  </ItemGroup>
  <ItemGroup>
    <None Include="sylar\proto\logserver.proto">
      <Filter>sylar\proto</Filter>
    </None>
  </ItemGroup>
</Project>